
Microsoft Visual Studio Solution File, Format Version 12.00
# Visual Studio 15
Project("{FAE04EC0-301F-11D3-BF4B-00C04F79EFBC}") = "MVCRazorExample", "MVCRazorExample\MVCRazorExample.csproj", "{76325014-4207-4F05-8DE7-1B491ECFC3BA}"
EndProject
Global
	GlobalSection(SolutionConfigurationPlatforms) = preSolution
		Debug|Any CPU = Debug|Any CPU
		Release|Any CPU = Release|Any CPU
	EndGlobalSection
	GlobalSection(ProjectConfigurationPlatforms) = postSolution
		{76325014-4207-4F05-8DE7-1B491ECFC3BA}.Debug|Any CPU.ActiveCfg = Debug|Any CPU
		{76325014-4207-4F05-8DE7-1B491ECFC3BA}.Debug|Any CPU.Build.0 = Debug|Any CPU
		{76325014-4207-4F05-8DE7-1B491ECFC3BA}.Release|Any CPU.ActiveCfg = Release|Any CPU
		{76325014-4207-4F05-8DE7-1B491ECFC3BA}.Release|Any CPU.Build.0 = Release|Any CPU
	EndGlobalSection
EndGlobal
